
Microsoft Visual Studio Solution File, Format Version 12.00
# Visual Studio 2012
Project("{FAE04EC0-301F-11D3-BF4B-00C04F79EFBC}") = "DSMproject", "DSMproject.csproj", "{A39EFEAC-E889-4B1D-A5ED-62D24A87A99A}"
EndProject
Global
	GlobalSection(SolutionConfigurationPlatforms) = preSolution
		Debug|Any CPU = Debug|Any CPU
		Release|Any CPU = Release|Any CPU
	EndGlobalSection
	GlobalSection(ProjectConfigurationPlatforms) = postSolution
		{A39EFEAC-E889-4B1D-A5ED-62D24A87A99A}.Debug|Any CPU.ActiveCfg = Debug|Any CPU
		{A39EFEAC-E889-4B1D-A5ED-62D24A87A99A}.Debug|Any CPU.Build.0 = Debug|Any CPU
		{A39EFEAC-E889-4B1D-A5ED-62D24A87A99A}.Release|Any CPU.ActiveCfg = Release|Any CPU
		{A39EFEAC-E889-4B1D-A5ED-62D24A87A99A}.Release|Any CPU.Build.0 = Release|Any CPU
	EndGlobalSection
	GlobalSection(SolutionProperties) = preSolution
		HideSolutionNode = FALSE
	EndGlobalSection
EndGlobal
